PODS:
  - Masonry (1.1.0)
  - QYKShadowView (1.2.0)

DEPENDENCIES:
  - Masonry
  - QYKShadowView (from `../`)

SPEC REPOS:
  trunk:
    - Masonry

EXTERNAL SOURCES:
  QYKShadowView:
    :path: "../"

SPEC CHECKSUMS:
  Masonry: 678fab65091a9290e40e2832a55e7ab731aad201
  QYKShadowView: 5c360a4fc1660d7eb4c593fd9da1975fec7b500d

PODFILE CHECKSUM: d84f61ecc560403d3e0690e8b1a113a53158d30d

COCOAPODS: 1.9.3
